// !$*UTF8*$!
{
	archiveVersion = 1;
	classes = {
	};
	objectVersion = 55;
	objects = {

/* Begin PBXBuildFile section */
		C931BF092842634E000E3A13 /* AppDelegate.swift in Sources */ = {isa = PBXBuildFile; fileRef = C931BF082842634E000E3A13 /* AppDelegate.swift */; };
		C931BF0B2842634E000E3A13 /* SceneDelegate.swift in Sources */ = {isa = PBXBuildFile; fileRef = C931BF0A2842634E000E3A13 /* SceneDelegate.swift */; };
		C931BF102842634E000E3A13 /* Main.storyboard in Resources */ = {isa = PBXBuildFile; fileRef = C931BF0E2842634E000E3A13 /* Main.storyboard */; };
		C931BF122842634F000E3A13 /* Assets.xcassets in Resources */ = {isa = PBXBuildFile; fileRef = C931BF112842634F000E3A13 /* Assets.xcassets */; };
		C931BF152842634F000E3A13 /* LaunchScreen.storyboard in Resources */ = {isa = PBXBuildFile; fileRef = C931BF132842634F000E3A13 /* LaunchScreen.storyboard */; };
		C931BF23284263CB000E3A13 /* TabBarController.swift in Sources */ = {isa = PBXBuildFile; fileRef = C931BF22284263CB000E3A13 /* TabBarController.swift */; };
		C931BF28284263E8000E3A13 /* BlueViewController.swift in Sources */ = {isa = PBXBuildFile; fileRef = C931BF25284263E8000E3A13 /* BlueViewController.swift */; };
		C931BF29284263E8000E3A13 /* RedViewController.swift in Sources */ = {isa = PBXBuildFile; fileRef = C931BF26284263E8000E3A13 /* RedViewController.swift */; };
		C931BF2A284263E8000E3A13 /* GreenViewController.swift in Sources */ = {isa = PBXBuildFile; fileRef = C931BF27284263E8000E3A13 /* GreenViewController.swift */; };
		C931BF2D28426409000E3A13 /* GreenViewModel.swift in Sources */ = {isa = PBXBuildFile; fileRef = C931BF2C28426409000E3A13 /* GreenViewModel.swift */; };
		C931BF2F28426418000E3A13 /* Blue.storyboard in Resources */ = {isa = PBXBuildFile; fileRef = C931BF2E28426418000E3A13 /* Blue.storyboard */; };
		C931BF322842642F000E3A13 /* ApplicationManager.swift in Sources */ = {isa = PBXBuildFile; fileRef = C931BF312842642F000E3A13 /* ApplicationManager.swift */; };
/* End PBXBuildFile section */

/* Begin PBXFileReference section */
		C931BF052842634E000E3A13 /* Dependency-Injection-With-TabBar.app */ = {isa = PBXFileReference; explicitFileType = wrapper.application; includeInIndex = 0; path = "Dependency-Injection-With-TabBar.app"; sourceTree = BUILT_PRODUCTS_DIR; };
		C931BF082842634E000E3A13 /* AppDelegate.swift */ = {isa = PBXFileReference; lastKnownFileType = sourcecode.swift; path = AppDelegate.swift; sourceTree = "<group>"; };
		C931BF0A2842634E000E3A13 /* SceneDelegate.swift */ = {isa = PBXFileReference; lastKnownFileType = sourcecode.swift; path = SceneDelegate.swift; sourceTree = "<group>"; };
		C931BF0F2842634E000E3A13 /* Base */ = {isa = PBXFileReference; lastKnownFileType = file.storyboard; name = Base; path = Base.lproj/Main.storyboard; sourceTree = "<group>"; };
		C931BF112842634F000E3A13 /* Assets.xcassets */ = {isa = PBXFileReference; lastKnownFileType = folder.assetcatalog; path = Assets.xcassets; sourceTree = "<group>"; };
		C931BF142842634F000E3A13 /* Base */ = {isa = PBXFileReference; lastKnownFileType = file.storyboard; name = Base; path = Base.lproj/LaunchScreen.storyboard; sourceTree = "<group>"; };
		C931BF162842634F000E3A13 /* Info.plist */ = {isa = PBXFileReference; lastKnownFileType = text.plist.xml; name = Info.plist; path = "Dependency-Injection-With-TabBar/Supporting Files/Info.plist"; sourceTree = SOURCE_ROOT; };
		C931BF22284263CB000E3A13 /* TabBarController.swift */ = {isa = PBXFileReference; lastKnownFileType = sourcecode.swift; path = TabBarController.swift; sourceTree = "<group>"; };
		C931BF25284263E8000E3A13 /* BlueViewController.swift */ = {isa = PBXFileReference; fileEncoding = 4; lastKnownFileType = sourcecode.swift; path = BlueViewController.swift; sourceTree = "<group>"; };
		C931BF26284263E8000E3A13 /* RedViewController.swift */ = {isa = PBXFileReference; fileEncoding = 4; lastKnownFileType = sourcecode.swift; path = RedViewController.swift; sourceTree = "<group>"; };
		C931BF27284263E8000E3A13 /* GreenViewController.swift */ = {isa = PBXFileReference; fileEncoding = 4; lastKnownFileType = sourcecode.swift; path = GreenViewController.swift; sourceTree = "<group>"; };
		C931BF2C28426409000E3A13 /* GreenViewModel.swift */ = {isa = PBXFileReference; fileEncoding = 4; lastKnownFileType = sourcecode.swift; path = GreenViewModel.swift; sourceTree = "<group>"; };
		C931BF2E28426418000E3A13 /* Blue.storyboard */ = {isa = PBXFileReference; fileEncoding = 4; lastKnownFileType = file.storyboard; path = Blue.storyboard; sourceTree = "<group>"; };
		C931BF312842642F000E3A13 /* ApplicationManager.swift */ = {isa = PBXFileReference; fileEncoding = 4; lastKnownFileType = sourcecode.swift; path = ApplicationManager.swift; sourceTree = "<group>"; };
/* End PBXFileReference section */

/* Begin PBXFrameworksBuildPhase section */
		C931BF022842634E000E3A13 /* Frameworks */ = {
			isa = PBXFrameworksBuildPhase;
			buildActionMask = 2147483647;
			files = (
			);
			runOnlyForDeploymentPostprocessing = 0;
		};
/* End PBXFrameworksBuildPhase section */

/* Begin PBXGroup section */
		C931BEFC2842634E000E3A13 = {
			isa = PBXGroup;
			children = (
				C931BF072842634E000E3A13 /* Dependency-Injection-With-TabBar */,
				C931BF062842634E000E3A13 /* Products */,
			);
			sourceTree = "<group>";
		};
		C931BF062842634E000E3A13 /* Products */ = {
			isa = PBXGroup;
			children = (
				C931BF052842634E000E3A13 /* Dependency-Injection-With-TabBar.app */,
			);
			name = Products;
			sourceTree = "<group>";
		};
		C931BF072842634E000E3A13 /* Dependency-Injection-With-TabBar */ = {
			isa = PBXGroup;
			children = (
				C931BF1C28426355000E3A13 /* Application Delegates */,
				C931BF302842642F000E3A13 /* Managers */,
				C931BF21284263B1000E3A13 /* View Controllers */,
				C931BF1D28426362000E3A13 /* Storyboards */,
				C931BF1E2842636B000E3A13 /* Resources */,
				C931BF1F28426370000E3A13 /* Supporting Files */,
			);
			path = "Dependency-Injection-With-TabBar";
			sourceTree = "<group>";
		};
		C931BF1C28426355000E3A13 /* Application Delegates */ = {
			isa = PBXGroup;
			children = (
				C931BF082842634E000E3A13 /* AppDelegate.swift */,
				C931BF0A2842634E000E3A13 /* SceneDelegate.swift */,
			);
			path = "Application Delegates";
			sourceTree = "<group>";
		};
		C931BF1D28426362000E3A13 /* Storyboards */ = {
			isa = PBXGroup;
			children = (
				C931BF2E28426418000E3A13 /* Blue.storyboard */,
				C931BF0E2842634E000E3A13 /* Main.storyboard */,
				C931BF132842634F000E3A13 /* LaunchScreen.storyboard */,
			);
			path = Storyboards;
			sourceTree = "<group>";
		};
		C931BF1E2842636B000E3A13 /* Resources */ = {
			isa = PBXGroup;
			children = (
				C931BF112842634F000E3A13 /* Assets.xcassets */,
			);
			path = Resources;
			sourceTree = "<group>";
		};
		C931BF1F28426370000E3A13 /* Supporting Files */ = {
			isa = PBXGroup;
			children = (
				C931BF162842634F000E3A13 /* Info.plist */,
			);
			path = "Supporting Files";
			sourceTree = "<group>";
		};
		C931BF2028426376000E3A13 /* Tab Bar Controller */ = {
			isa = PBXGroup;
			children = (
				C931BF22284263CB000E3A13 /* TabBarController.swift */,
			);
			path = "Tab Bar Controller";
			sourceTree = "<group>";
		};
		C931BF21284263B1000E3A13 /* View Controllers */ = {
			isa = PBXGroup;
			children = (
				C931BF2028426376000E3A13 /* Tab Bar Controller */,
				C931BF24284263D5000E3A13 /* Child View Controllers */,
			);
			path = "View Controllers";
			sourceTree = "<group>";
		};
		C931BF24284263D5000E3A13 /* Child View Controllers */ = {
			isa = PBXGroup;
			children = (
				C931BF25284263E8000E3A13 /* BlueViewController.swift */,
				C931BF27284263E8000E3A13 /* GreenViewController.swift */,
				C931BF26284263E8000E3A13 /* RedViewController.swift */,
				C931BF2B284263FE000E3A13 /* View Models */,
			);
			path = "Child View Controllers";
			sourceTree = "<group>";
		};
		C931BF2B284263FE000E3A13 /* View Models */ = {
			isa = PBXGroup;
			children = (
				C931BF2C28426409000E3A13 /* GreenViewModel.swift */,
			);
			path = "View Models";
			sourceTree = "<group>";
		};
		C931BF302842642F000E3A13 /* Managers */ = {
			isa = PBXGroup;
			children = (
				C931BF312842642F000E3A13 /* ApplicationManager.swift */,
			);
			path = Managers;
			sourceTree = "<group>";
		};
/* End PBXGroup section */

/* Begin PBXNativeTarget section */
		C931BF042842634E000E3A13 /* Dependency-Injection-With-TabBar */ = {
			isa = PBXNativeTarget;
			buildConfigurationList = C931BF192842634F000E3A13 /* Build configuration list for PBXNativeTarget "Dependency-Injection-With-TabBar" */;
			buildPhases = (
				C931BF012842634E000E3A13 /* Sources */,
				C931BF022842634E000E3A13 /* Frameworks */,
				C931BF032842634E000E3A13 /* Resources */,
			);
			buildRules = (
			);
			dependencies = (
			);
			name = "Dependency-Injection-With-TabBar";
			productName = "Dependency-Injection-With-TabBar";
			productReference = C931BF052842634E000E3A13 /* Dependency-Injection-With-TabBar.app */;
			productType = "com.apple.product-type.application";
		};
/* End PBXNativeTarget section */

/* Begin PBXProject section */
		C931BEFD2842634E000E3A13 /* Project object */ = {
			isa = PBXProject;
			attributes = {
				BuildIndependentTargetsInParallel = 1;
				LastSwiftUpdateCheck = 1340;
				LastUpgradeCheck = 1340;
				TargetAttributes = {
					C931BF042842634E000E3A13 = {
						CreatedOnToolsVersion = 13.4;
					};
				};
			};
			buildConfigurationList = C931BF002842634E000E3A13 /* Build configuration list for PBXProject "Dependency-Injection-With-TabBar" */;
			compatibilityVersion = "Xcode 13.0";
			developmentRegion = en;
			hasScannedForEncodings = 0;
			knownRegions = (
				en,
				Base,
			);
			mainGroup = C931BEFC2842634E000E3A13;
			productRefGroup = C931BF062842634E000E3A13 /* Products */;
			projectDirPath = "";
			projectRoot = "";
			targets = (
				C931BF042842634E000E3A13 /* Dependency-Injection-With-TabBar */,
			);
		};
/* End PBXProject section */

/* Begin PBXResourcesBuildPhase section */
		C931BF032842634E000E3A13 /* Resources */ = {
			isa = PBXResourcesBuildPhase;
			buildActionMask = 2147483647;
			files = (
				C931BF152842634F000E3A13 /* LaunchScreen.storyboard in Resources */,
				C931BF122842634F000E3A13 /* Assets.xcassets in Resources */,
				C931BF2F28426418000E3A13 /* Blue.storyboard in Resources */,
				C931BF102842634E000E3A13 /* Main.storyboard in Resources */,
			);
			runOnlyForDeploymentPostprocessing = 0;
		};
/* End PBXResourcesBuildPhase section */

/* Begin PBXSourcesBuildPhase section */
		C931BF012842634E000E3A13 /* Sources */ = {
			isa = PBXSourcesBuildPhase;
			buildActionMask = 2147483647;
			files = (
				C931BF2D28426409000E3A13 /* GreenViewModel.swift in Sources */,
				C931BF2A284263E8000E3A13 /* GreenViewController.swift in Sources */,
				C931BF322842642F000E3A13 /* ApplicationManager.swift in Sources */,
				C931BF29284263E8000E3A13 /* RedViewController.swift in Sources */,
				C931BF23284263CB000E3A13 /* TabBarController.swift in Sources */,
				C931BF092842634E000E3A13 /* AppDelegate.swift in Sources */,
				C931BF28284263E8000E3A13 /* BlueViewController.swift in Sources */,
				C931BF0B2842634E000E3A13 /* SceneDelegate.swift in Sources */,
			);
			runOnlyForDeploymentPostprocessing = 0;
		};
/* End PBXSourcesBuildPhase section */

/* Begin PBXVariantGroup section */
		C931BF0E2842634E000E3A13 /* Main.storyboard */ = {
			isa = PBXVariantGroup;
			children = (
				C931BF0F2842634E000E3A13 /* Base */,
			);
			name = Main.storyboard;
			sourceTree = "<group>";
		};
		C931BF132842634F000E3A13 /* LaunchScreen.storyboard */ = {
			isa = PBXVariantGroup;
			children = (
				C931BF142842634F000E3A13 /* Base */,
			);
			name = LaunchScreen.storyboard;
			sourceTree = "<group>";
		};
/* End PBXVariantGroup section */

/* Begin XCBuildConfiguration section */
		C931BF172842634F000E3A13 /* Debug */ = {
			isa = XCBuildConfiguration;
			buildSettings = {
				ALWAYS_SEARCH_USER_PATHS = NO;
				CLANG_ANALYZER_NONNULL = YES;
				CLANG_ANALYZER_NUMBER_OBJECT_CONVERSION = YES_AGGRESSIVE;
				CLANG_CXX_LANGUAGE_STANDARD = "gnu++17";
				CLANG_ENABLE_MODULES = YES;
				CLANG_ENABLE_OBJC_ARC = YES;
				CLANG_ENABLE_OBJC_WEAK = YES;
				CLANG_WARN_BLOCK_CAPTURE_AUTORELEASING = YES;
				CLANG_WARN_BOOL_CONVERSION = YES;
				CLANG_WARN_COMMA = YES;
				CLANG_WARN_CONSTANT_CONVERSION = YES;
				CLANG_WARN_DEPRECATED_OBJC_IMPLEMENTATIONS = YES;
				CLANG_WARN_DIRECT_OBJC_ISA_USAGE = YES_ERROR;
				CLANG_WARN_DOCUMENTATION_COMMENTS = YES;
				CLANG_WARN_EMPTY_BODY = YES;
				CLANG_WARN_ENUM_CONVERSION = YES;
				CLANG_WARN_INFINITE_RECURSION = YES;
				CLANG_WARN_INT_CONVERSION = YES;
				CLANG_WARN_NON_LITERAL_NULL_CONVERSION = YES;
				CLANG_WARN_OBJC_IMPLICIT_RETAIN_SELF = YES;
				CLANG_WARN_OBJC_LITERAL_CONVERSION = YES;
				CLANG_WARN_OBJC_ROOT_CLASS = YES_ERROR;
				CLANG_WARN_QUOTED_INCLUDE_IN_FRAMEWORK_HEADER = YES;
				CLANG_WARN_RANGE_LOOP_ANALYSIS = YES;
				CLANG_WARN_STRICT_PROTOTYPES = YES;
				CLANG_WARN_SUSPICIOUS_MOVE = YES;
				CLANG_WARN_UNGUARDED_AVAILABILITY = YES_AGGRESSIVE;
				CLANG_WARN_UNREACHABLE_CODE = YES;
				CLANG_WARN__DUPLICATE_METHOD_MATCH = YES;
				COPY_PHASE_STRIP = NO;
				DEBUG_INFORMATION_FORMAT = dwarf;
				ENABLE_STRICT_OBJC_MSGSEND = YES;
				ENABLE_TESTABILITY = YES;
				GCC_C_LANGUAGE_STANDARD = gnu11;
				GCC_DYNAMIC_NO_PIC = NO;
				GCC_NO_COMMON_BLOCKS = YES;
				GCC_OPTIMIZATION_LEVEL = 0;
				GCC_PREPROCESSOR_DEFINITIONS = (
					"DEBUG=1",
					"$(inherited)",
				);
				GCC_WARN_64_TO_32_BIT_CONVERSION = YES;
				GCC_WARN_ABOUT_RETURN_TYPE = YES_ERROR;
				GCC_WARN_UNDECLARED_SELECTOR = YES;
				GCC_WARN_UNINITIALIZED_AUTOS = YES_AGGRESSIVE;
				GCC_WARN_UNUSED_FUNCTION = YES;
				GCC_WARN_UNUSED_VARIABLE = YES;
				IPHONEOS_DEPLOYMENT_TARGET = 15.5;
				MTL_ENABLE_DEBUG_INFO = INCLUDE_SOURCE;
				MTL_FAST_MATH = YES;
				ONLY_ACTIVE_ARCH = YES;
				SDKROOT = iphoneos;
				SWIFT_ACTIVE_COMPILATION_CONDITIONS = DEBUG;
				SWIFT_OPTIMIZATION_LEVEL = "-Onone";
			};
			name = Debug;
		};
		C931BF182842634F000E3A13 /* Release */ = {
			isa = XCBuildConfiguration;
			buildSettings = {
				ALWAYS_SEARCH_USER_PATHS = NO;
				CLANG_ANALYZER_NONNULL = YES;
				CLANG_ANALYZER_NUMBER_OBJECT_CONVERSION = YES_AGGRESSIVE;
				CLANG_CXX_LANGUAGE_STANDARD = "gnu++17";
				CLANG_ENABLE_MODULES = YES;
				CLANG_ENABLE_OBJC_ARC = YES;
				CLANG_ENABLE_OBJC_WEAK = YES;
				CLANG_WARN_BLOCK_CAPTURE_AUTORELEASING = YES;
				CLANG_WARN_BOOL_CONVERSION = YES;
				CLANG_WARN_COMMA = YES;
				CLANG_WARN_CONSTANT_CONVERSION = YES;
				CLANG_WARN_DEPRECATED_OBJC_IMPLEMENTATIONS = YES;
				CLANG_WARN_DIRECT_OBJC_ISA_USAGE = YES_ERROR;
				CLANG_WARN_DOCUMENTATION_COMMENTS = YES;
				CLANG_WARN_EMPTY_BODY = YES;
				CLANG_WARN_ENUM_CONVERSION = YES;
				CLANG_WARN_INFINITE_RECURSION = YES;
				CLANG_WARN_INT_CONVERSION = YES;
				CLANG_WARN_NON_LITERAL_NULL_CONVERSION = YES;
				CLANG_WARN_OBJC_IMPLICIT_RETAIN_SELF = YES;
				CLANG_WARN_OBJC_LITERAL_CONVERSION = YES;
				CLANG_WARN_OBJC_ROOT_CLASS = YES_ERROR;
				CLANG_WARN_QUOTED_INCLUDE_IN_FRAMEWORK_HEADER = YES;
				CLANG_WARN_RANGE_LOOP_ANALYSIS = YES;
				CLANG_WARN_STRICT_PROTOTYPES = YES;
				CLANG_WARN_SUSPICIOUS_MOVE = YES;
				CLANG_WARN_UNGUARDED_AVAILABILITY = YES_AGGRESSIVE;
				CLANG_WARN_UNREACHABLE_CODE = YES;
				CLANG_WARN__DUPLICATE_METHOD_MATCH = YES;
				COPY_PHASE_STRIP = NO;
				DEBUG_INFORMATION_FORMAT = "dwarf-with-dsym";
				ENABLE_NS_ASSERTIONS = NO;
				ENABLE_STRICT_OBJC_MSGSEND = YES;
				GCC_C_LANGUAGE_STANDARD = gnu11;
				GCC_NO_COMMON_BLOCKS = YES;
				GCC_WARN_64_TO_32_BIT_CONVERSION = YES;
				GCC_WARN_ABOUT_RETURN_TYPE = YES_ERROR;
				GCC_WARN_UNDECLARED_SELECTOR = YES;
				GCC_WARN_UNINITIALIZED_AUTOS = YES_AGGRESSIVE;
				GCC_WARN_UNUSED_FUNCTION = YES;
				GCC_WARN_UNUSED_VARIABLE = YES;
				IPHONEOS_DEPLOYMENT_TARGET = 15.5;
				MTL_ENABLE_DEBUG_INFO = NO;
				MTL_FAST_MATH = YES;
				SDKROOT = iphoneos;
				SWIFT_COMPILATION_MODE = wholemodule;
				SWIFT_OPTIMIZATION_LEVEL = "-O";
				VALIDATE_PRODUCT = YES;
			};
			name = Release;
		};
		C931BF1A2842634F000E3A13 /* Debug */ = {
			isa = XCBuildConfiguration;
			buildSettings = {
				ASSETCATALOG_COMPILER_APPICON_NAME = AppIcon;
				ASSETCATALOG_COMPILER_GLOBAL_ACCENT_COLOR_NAME = AccentColor;
				CODE_SIGN_STYLE = Automatic;
				CURRENT_PROJECT_VERSION = 1;
				DEVELOPMENT_TEAM = BJQF9JJWDE;
				GENERATE_INFOPLIST_FILE = YES;
				INFOPLIST_FILE = "Dependency-Injection-With-TabBar/Supporting Files/Info.plist";
				INFOPLIST_KEY_UIApplicationSupportsIndirectInputEvents = YES;
				INFOPLIST_KEY_UILaunchStoryboardName = LaunchScreen;
				INFOPLIST_KEY_UIMainStoryboardFile = Main;
				INFOPLIST_KEY_UISupportedInterfaceOrientations_iPad = "UIInterfaceOrientationPortrait UIInterfaceOrientationPortraitUpsideDown UIInterfaceOrientationLandscapeLeft UIInterfaceOrientationLandscapeRight";
				INFOPLIST_KEY_UISupportedInterfaceOrientations_iPhone = "UIInterfaceOrientationPortrait UIInterfaceOrientationLandscapeLeft UIInterfaceOrientationLandscapeRight";
				LD_RUNPATH_SEARCH_PATHS = (
					"$(inherited)",
					"@executable_path/Frameworks",
				);
				MARKETING_VERSION = 1.0;
				PRODUCT_BUNDLE_IDENTIFIER = "com.jlcs.Dependency-Injection-With-TabBar";
				PRODUCT_NAME = "$(TARGET_NAME)";
				SWIFT_EMIT_LOC_STRINGS = YES;
				SWIFT_VERSION = 5.0;
				TARGETED_DEVICE_FAMILY = "1,2";
			};
			name = Debug;
		};
		C931BF1B2842634F000E3A13 /* Release */ = {
			isa = XCBuildConfiguration;
			buildSettings = {
				ASSETCATALOG_COMPILER_APPICON_NAME = AppIcon;
				ASSETCATALOG_COMPILER_GLOBAL_ACCENT_COLOR_NAME = AccentColor;
				CODE_SIGN_STYLE = Automatic;
				CURRENT_PROJECT_VERSION = 1;
				DEVELOPMENT_TEAM = BJQF9JJWDE;
				GENERATE_INFOPLIST_FILE = YES;
				INFOPLIST_FILE = "Dependency-Injection-With-TabBar/Supporting Files/Info.plist";
				INFOPLIST_KEY_UIApplicationSupportsIndirectInputEvents = YES;
				INFOPLIST_KEY_UILaunchStoryboardName = LaunchScreen;
				INFOPLIST_KEY_UIMainStoryboardFile = Main;
				INFOPLIST_KEY_UISupportedInterfaceOrientations_iPad = "UIInterfaceOrientationPortrait UIInterfaceOrientationPortraitUpsideDown UIInterfaceOrientationLandscapeLeft UIInterfaceOrientationLandscapeRight";
				INFOPLIST_KEY_UISupportedInterfaceOrientations_iPhone = "UIInterfaceOrientationPortrait UIInterfaceOrientationLandscapeLeft UIInterfaceOrientationLandscapeRight";
				LD_RUNPATH_SEARCH_PATHS = (
					"$(inherited)",
					"@executable_path/Frameworks",
				);
				MARKETING_VERSION = 1.0;
				PRODUCT_BUNDLE_IDENTIFIER = "com.jlcs.Dependency-Injection-With-TabBar";
				PRODUCT_NAME = "$(TARGET_NAME)";
				SWIFT_EMIT_LOC_STRINGS = YES;
				SWIFT_VERSION = 5.0;
				TARGETED_DEVICE_FAMILY = "1,2";
			};
			name = Release;
		};
/* End XCBuildConfiguration section */

/* Begin XCConfigurationList section */
		C931BF002842634E000E3A13 /* Build configuration list for PBXProject "Dependency-Injection-With-TabBar" */ = {
			isa = XCConfigurationList;
			buildConfigurations = (
				C931BF172842634F000E3A13 /* Debug */,
				C931BF182842634F000E3A13 /* Release */,
			);
			defaultConfigurationIsVisible = 0;
			defaultConfigurationName = Release;
		};
		C931BF192842634F000E3A13 /* Build configuration list for PBXNativeTarget "Dependency-Injection-With-TabBar" */ = {
			isa = XCConfigurationList;
			buildConfigurations = (
				C931BF1A2842634F000E3A13 /* Debug */,
				C931BF1B2842634F000E3A13 /* Release */,
			);
			defaultConfigurationIsVisible = 0;
			defaultConfigurationName = Release;
		};
/* End XCConfigurationList section */
	};
	rootObject = C931BEFD2842634E000E3A13 /* Project object */;
}
